
Microsoft Visual Studio Solution File, Format Version 12.00
# Visual Studio Version 17
VisualStudioVersion = 17.0.31903.59
MinimumVisualStudioVersion = 10.0.40219.1
Project("{2150E333-8FDC-42A3-9474-1A3956D46DE8}") = "src", "src", "{827E0CD3-B72D-47B6-A68D-7590B98EB39B}"
EndProject
Project("{FAE04EC0-301F-11D3-BF4B-00C04F79EFBC}") = "BitacoraTech.Domain", "src\BitacoraTech.Domain\BitacoraTech.Domain.csproj", "{350979F8-8210-4148-A7AC-FAA80DAB7AFA}"
EndProject
Project("{FAE04EC0-301F-11D3-BF4B-00C04F79EFBC}") = "BitacoraTech.Contracts", "src\BitacoraTech.Contracts\BitacoraTech.Contracts.csproj", "{384686A7-58A1-432F-A4B3-B234EEEBB471}"
EndProject
Project("{FAE04EC0-301F-11D3-BF4B-00C04F79EFBC}") = "BitacoraTech.Application", "src\BitacoraTech.Application\BitacoraTech.Application.csproj", "{48ED3368-BBDC-4CA5-AA8A-C00DB3C6B52B}"
EndProject
Project("{FAE04EC0-301F-11D3-BF4B-00C04F79EFBC}") = "BitacoraTech.Infrastructure", "src\BitacoraTech.Infrastructure\BitacoraTech.Infrastructure.csproj", "{1B3A6F13-3572-4859-9D34-2AC38514DD19}"
EndProject
Project("{FAE04EC0-301F-11D3-BF4B-00C04F79EFBC}") = "BitacoraTech.Api", "src\BitacoraTech.Api\BitacoraTech.Api.csproj", "{311B8DB4-C79F-408E-8281-626BE88F7776}"
EndProject
Project("{FAE04EC0-301F-11D3-BF4B-00C04F79EFBC}") = "BitacoraTech.Worker", "src\BitacoraTech.Worker\BitacoraTech.Worker.csproj", "{AAEFCBB7-C477-4BC1-A513-AD3FF8622A57}"
EndProject
Project("{FAE04EC0-301F-11D3-BF4B-00C04F79EFBC}") = "BitacoraTech.UnitTests", "tests\BitacoraTech.UnitTests\BitacoraTech.UnitTests.csproj", "{302BF30E-289A-4073-8929-9EB4EE2C69A2}"
EndProject
Project("{FAE04EC0-301F-11D3-BF4B-00C04F79EFBC}") = "BitacoraTech.IntegrationTests", "tests\BitacoraTech.IntegrationTests\BitacoraTech.IntegrationTests.csproj", "{ADF4FC99-A367-4546-8765-78891329246E}"
EndProject
Project("{FAE04EC0-301F-11D3-BF4B-00C04F79EFBC}") = "BitacoraTech.ArchitectureTests", "tests\BitacoraTech.ArchitectureTests\BitacoraTech.ArchitectureTests.csproj", "{A1893107-E0F8-48B9-B454-F52D9D2E3E90}"
EndProject
Global
	GlobalSection(SolutionConfigurationPlatforms) = preSolution
		Debug|Any CPU = Debug|Any CPU
		Debug|x64 = Debug|x64
		Debug|x86 = Debug|x86
		Release|Any CPU = Release|Any CPU
		Release|x64 = Release|x64
		Release|x86 = Release|x86
	EndGlobalSection
	GlobalSection(ProjectConfigurationPlatforms) = postSolution
		{350979F8-8210-4148-A7AC-FAA80DAB7AFA}.Debug|Any CPU.ActiveCfg = Debug|Any CPU
		{350979F8-8210-4148-A7AC-FAA80DAB7AFA}.Debug|Any CPU.Build.0 = Debug|Any CPU
		{350979F8-8210-4148-A7AC-FAA80DAB7AFA}.Debug|x64.ActiveCfg = Debug|Any CPU
		{350979F8-8210-4148-A7AC-FAA80DAB7AFA}.Debug|x64.Build.0 = Debug|Any CPU
		{350979F8-8210-4148-A7AC-FAA80DAB7AFA}.Debug|x86.ActiveCfg = Debug|Any CPU
		{350979F8-8210-4148-A7AC-FAA80DAB7AFA}.Debug|x86.Build.0 = Debug|Any CPU
		{350979F8-8210-4148-A7AC-FAA80DAB7AFA}.Release|Any CPU.ActiveCfg = Release|Any CPU
		{350979F8-8210-4148-A7AC-FAA80DAB7AFA}.Release|Any CPU.Build.0 = Release|Any CPU
		{350979F8-8210-4148-A7AC-FAA80DAB7AFA}.Release|x64.ActiveCfg = Release|Any CPU
		{350979F8-8210-4148-A7AC-FAA80DAB7AFA}.Release|x64.Build.0 = Release|Any CPU
		{350979F8-8210-4148-A7AC-FAA80DAB7AFA}.Release|x86.ActiveCfg = Release|Any CPU
		{350979F8-8210-4148-A7AC-FAA80DAB7AFA}.Release|x86.Build.0 = Release|Any CPU
		{384686A7-58A1-432F-A4B3-B234EEEBB471}.Debug|Any CPU.ActiveCfg = Debug|Any CPU
		{384686A7-58A1-432F-A4B3-B234EEEBB471}.Debug|Any CPU.Build.0 = Debug|Any CPU
		{384686A7-58A1-432F-A4B3-B234EEEBB471}.Debug|x64.ActiveCfg = Debug|Any CPU
		{384686A7-58A1-432F-A4B3-B234EEEBB471}.Debug|x64.Build.0 = Debug|Any CPU
		{384686A7-58A1-432F-A4B3-B234EEEBB471}.Debug|x86.ActiveCfg = Debug|Any CPU
		{384686A7-58A1-432F-A4B3-B234EEEBB471}.Debug|x86.Build.0 = Debug|Any CPU
		{384686A7-58A1-432F-A4B3-B234EEEBB471}.Release|Any CPU.ActiveCfg = Release|Any CPU
		{384686A7-58A1-432F-A4B3-B234EEEBB471}.Release|Any CPU.Build.0 = Release|Any CPU
		{384686A7-58A1-432F-A4B3-B234EEEBB471}.Release|x64.ActiveCfg = Release|Any CPU
		{384686A7-58A1-432F-A4B3-B234EEEBB471}.Release|x64.Build.0 = Release|Any CPU
		{384686A7-58A1-432F-A4B3-B234EEEBB471}.Release|x86.ActiveCfg = Release|Any CPU
		{384686A7-58A1-432F-A4B3-B234EEEBB471}.Release|x86.Build.0 = Release|Any CPU
		{48ED3368-BBDC-4CA5-AA8A-C00DB3C6B52B}.Debug|Any CPU.ActiveCfg = Debug|Any CPU
		{48ED3368-BBDC-4CA5-AA8A-C00DB3C6B52B}.Debug|Any CPU.Build.0 = Debug|Any CPU
		{48ED3368-BBDC-4CA5-AA8A-C00DB3C6B52B}.Debug|x64.ActiveCfg = Debug|Any CPU
		{48ED3368-BBDC-4CA5-AA8A-C00DB3C6B52B}.Debug|x64.Build.0 = Debug|Any CPU
		{48ED3368-BBDC-4CA5-AA8A-C00DB3C6B52B}.Debug|x86.ActiveCfg = Debug|Any CPU
		{48ED3368-BBDC-4CA5-AA8A-C00DB3C6B52B}.Debug|x86.Build.0 = Debug|Any CPU
		{48ED3368-BBDC-4CA5-AA8A-C00DB3C6B52B}.Release|Any CPU.ActiveCfg = Release|Any CPU
		{48ED3368-BBDC-4CA5-AA8A-C00DB3C6B52B}.Release|Any CPU.Build.0 = Release|Any CPU
		{48ED3368-BBDC-4CA5-AA8A-C00DB3C6B52B}.Release|x64.ActiveCfg = Release|Any CPU
		{48ED3368-BBDC-4CA5-AA8A-C00DB3C6B52B}.Release|x64.Build.0 = Release|Any CPU
		{48ED3368-BBDC-4CA5-AA8A-C00DB3C6B52B}.Release|x86.ActiveCfg = Release|Any CPU
		{48ED3368-BBDC-4CA5-AA8A-C00DB3C6B52B}.Release|x86.Build.0 = Release|Any CPU
		{1B3A6F13-3572-4859-9D34-2AC38514DD19}.Debug|Any CPU.ActiveCfg = Debug|Any CPU
		{1B3A6F13-3572-4859-9D34-2AC38514DD19}.Debug|Any CPU.Build.0 = Debug|Any CPU
		{1B3A6F13-3572-4859-9D34-2AC38514DD19}.Debug|x64.ActiveCfg = Debug|Any CPU
		{1B3A6F13-3572-4859-9D34-2AC38514DD19}.Debug|x64.Build.0 = Debug|Any CPU
		{1B3A6F13-3572-4859-9D34-2AC38514DD19}.Debug|x86.ActiveCfg = Debug|Any CPU
		{1B3A6F13-3572-4859-9D34-2AC38514DD19}.Debug|x86.Build.0 = Debug|Any CPU
		{1B3A6F13-3572-4859-9D34-2AC38514DD19}.Release|Any CPU.ActiveCfg = Release|Any CPU
		{1B3A6F13-3572-4859-9D34-2AC38514DD19}.Release|Any CPU.Build.0 = Release|Any CPU
		{1B3A6F13-3572-4859-9D34-2AC38514DD19}.Release|x64.ActiveCfg = Release|Any CPU
		{1B3A6F13-3572-4859-9D34-2AC38514DD19}.Release|x64.Build.0 = Release|Any CPU
		{1B3A6F13-3572-4859-9D34-2AC38514DD19}.Release|x86.ActiveCfg = Release|Any CPU
		{1B3A6F13-3572-4859-9D34-2AC38514DD19}.Release|x86.Build.0 = Release|Any CPU
		{311B8DB4-C79F-408E-8281-626BE88F7776}.Debug|Any CPU.ActiveCfg = Debug|Any CPU
		{311B8DB4-C79F-408E-8281-626BE88F7776}.Debug|Any CPU.Build.0 = Debug|Any CPU
		{311B8DB4-C79F-408E-8281-626BE88F7776}.Debug|x64.ActiveCfg = Debug|Any CPU
		{311B8DB4-C79F-408E-8281-626BE88F7776}.Debug|x64.Build.0 = Debug|Any CPU
		{311B8DB4-C79F-408E-8281-626BE88F7776}.Debug|x86.ActiveCfg = Debug|Any CPU
		{311B8DB4-C79F-408E-8281-626BE88F7776}.Debug|x86.Build.0 = Debug|Any CPU
		{311B8DB4-C79F-408E-8281-626BE88F7776}.Release|Any CPU.ActiveCfg = Release|Any CPU
		{311B8DB4-C79F-408E-8281-626BE88F7776}.Release|Any CPU.Build.0 = Release|Any CPU
		{311B8DB4-C79F-408E-8281-626BE88F7776}.Release|x64.ActiveCfg = Release|Any CPU
		{311B8DB4-C79F-408E-8281-626BE88F7776}.Release|x64.Build.0 = Release|Any CPU
		{311B8DB4-C79F-408E-8281-626BE88F7776}.Release|x86.ActiveCfg = Release|Any CPU
		{311B8DB4-C79F-408E-8281-626BE88F7776}.Release|x86.Build.0 = Release|Any CPU
		{AAEFCBB7-C477-4BC1-A513-AD3FF8622A57}.Debug|Any CPU.ActiveCfg = Debug|Any CPU
		{AAEFCBB7-C477-4BC1-A513-AD3FF8622A57}.Debug|Any CPU.Build.0 = Debug|Any CPU
		{AAEFCBB7-C477-4BC1-A513-AD3FF8622A57}.Debug|x64.ActiveCfg = Debug|Any CPU
		{AAEFCBB7-C477-4BC1-A513-AD3FF8622A57}.Debug|x64.Build.0 = Debug|Any CPU
		{AAEFCBB7-C477-4BC1-A513-AD3FF8622A57}.Debug|x86.ActiveCfg = Debug|Any CPU
		{AAEFCBB7-C477-4BC1-A513-AD3FF8622A57}.Debug|x86.Build.0 = Debug|Any CPU
		{AAEFCBB7-C477-4BC1-A513-AD3FF8622A57}.Release|Any CPU.ActiveCfg = Release|Any CPU
		{AAEFCBB7-C477-4BC1-A513-AD3FF8622A57}.Release|Any CPU.Build.0 = Release|Any CPU
		{AAEFCBB7-C477-4BC1-A513-AD3FF8622A57}.Release|x64.ActiveCfg = Release|Any CPU
		{AAEFCBB7-C477-4BC1-A513-AD3FF8622A57}.Release|x64.Build.0 = Release|Any CPU
		{AAEFCBB7-C477-4BC1-A513-AD3FF8622A57}.Release|x86.ActiveCfg = Release|Any CPU
		{AAEFCBB7-C477-4BC1-A513-AD3FF8622A57}.Release|x86.Build.0 = Release|Any CPU
		{302BF30E-289A-4073-8929-9EB4EE2C69A2}.Debug|Any CPU.ActiveCfg = Debug|Any CPU
		{302BF30E-289A-4073-8929-9EB4EE2C69A2}.Debug|Any CPU.Build.0 = Debug|Any CPU
		{302BF30E-289A-4073-8929-9EB4EE2C69A2}.Debug|x64.ActiveCfg = Debug|Any CPU
		{302BF30E-289A-4073-8929-9EB4EE2C69A2}.Debug|x64.Build.0 = Debug|Any CPU
		{302BF30E-289A-4073-8929-9EB4EE2C69A2}.Debug|x86.ActiveCfg = Debug|Any CPU
		{302BF30E-289A-4073-8929-9EB4EE2C69A2}.Debug|x86.Build.0 = Debug|Any CPU
		{302BF30E-289A-4073-8929-9EB4EE2C69A2}.Release|Any CPU.ActiveCfg = Release|Any CPU
		{302BF30E-289A-4073-8929-9EB4EE2C69A2}.Release|Any CPU.Build.0 = Release|Any CPU
		{302BF30E-289A-4073-8929-9EB4EE2C69A2}.Release|x64.ActiveCfg = Release|Any CPU
		{302BF30E-289A-4073-8929-9EB4EE2C69A2}.Release|x64.Build.0 = Release|Any CPU
		{302BF30E-289A-4073-8929-9EB4EE2C69A2}.Release|x86.ActiveCfg = Release|Any CPU
		{302BF30E-289A-4073-8929-9EB4EE2C69A2}.Release|x86.Build.0 = Release|Any CPU
		{ADF4FC99-A367-4546-8765-78891329246E}.Debug|Any CPU.ActiveCfg = Debug|Any CPU
		{ADF4FC99-A367-4546-8765-78891329246E}.Debug|Any CPU.Build.0 = Debug|Any CPU
		{ADF4FC99-A367-4546-8765-78891329246E}.Debug|x64.ActiveCfg = Debug|Any CPU
		{ADF4FC99-A367-4546-8765-78891329246E}.Debug|x64.Build.0 = Debug|Any CPU
		{ADF4FC99-A367-4546-8765-78891329246E}.Debug|x86.ActiveCfg = Debug|Any CPU
		{ADF4FC99-A367-4546-8765-78891329246E}.Debug|x86.Build.0 = Debug|Any CPU
		{ADF4FC99-A367-4546-8765-78891329246E}.Release|Any CPU.ActiveCfg = Release|Any CPU
		{ADF4FC99-A367-4546-8765-78891329246E}.Release|Any CPU.Build.0 = Release|Any CPU
		{ADF4FC99-A367-4546-8765-78891329246E}.Release|x64.ActiveCfg = Release|Any CPU
		{ADF4FC99-A367-4546-8765-78891329246E}.Release|x64.Build.0 = Release|Any CPU
		{ADF4FC99-A367-4546-8765-78891329246E}.Release|x86.ActiveCfg = Release|Any CPU
		{ADF4FC99-A367-4546-8765-78891329246E}.Release|x86.Build.0 = Release|Any CPU
		{A1893107-E0F8-48B9-B454-F52D9D2E3E90}.Debug|Any CPU.ActiveCfg = Debug|Any CPU
		{A1893107-E0F8-48B9-B454-F52D9D2E3E90}.Debug|Any CPU.Build.0 = Debug|Any CPU
		{A1893107-E0F8-48B9-B454-F52D9D2E3E90}.Debug|x64.ActiveCfg = Debug|Any CPU
		{A1893107-E0F8-48B9-B454-F52D9D2E3E90}.Debug|x64.Build.0 = Debug|Any CPU
		{A1893107-E0F8-48B9-B454-F52D9D2E3E90}.Debug|x86.ActiveCfg = Debug|Any CPU
		{A1893107-E0F8-48B9-B454-F52D9D2E3E90}.Debug|x86.Build.0 = Debug|Any CPU
		{A1893107-E0F8-48B9-B454-F52D9D2E3E90}.Release|Any CPU.ActiveCfg = Release|Any CPU
		{A1893107-E0F8-48B9-B454-F52D9D2E3E90}.Release|Any CPU.Build.0 = Release|Any CPU
		{A1893107-E0F8-48B9-B454-F52D9D2E3E90}.Release|x64.ActiveCfg = Release|Any CPU
		{A1893107-E0F8-48B9-B454-F52D9D2E3E90}.Release|x64.Build.0 = Release|Any CPU
		{A1893107-E0F8-48B9-B454-F52D9D2E3E90}.Release|x86.ActiveCfg = Release|Any CPU
		{A1893107-E0F8-48B9-B454-F52D9D2E3E90}.Release|x86.Build.0 = Release|Any CPU
	EndGlobalSection
	GlobalSection(SolutionProperties) = preSolution
		HideSolutionNode = FALSE
	EndGlobalSection
	GlobalSection(NestedProjects) = preSolution
		{350979F8-8210-4148-A7AC-FAA80DAB7AFA} = {827E0CD3-B72D-47B6-A68D-7590B98EB39B}
		{384686A7-58A1-432F-A4B3-B234EEEBB471} = {827E0CD3-B72D-47B6-A68D-7590B98EB39B}
		{48ED3368-BBDC-4CA5-AA8A-C00DB3C6B52B} = {827E0CD3-B72D-47B6-A68D-7590B98EB39B}
		{1B3A6F13-3572-4859-9D34-2AC38514DD19} = {827E0CD3-B72D-47B6-A68D-7590B98EB39B}
		{311B8DB4-C79F-408E-8281-626BE88F7776} = {827E0CD3-B72D-47B6-A68D-7590B98EB39B}
		{AAEFCBB7-C477-4BC1-A513-AD3FF8622A57} = {827E0CD3-B72D-47B6-A68D-7590B98EB39B}
		{302BF30E-289A-4073-8929-9EB4EE2C69A2} = {827E0CD3-B72D-47B6-A68D-7590B98EB39B}
		{ADF4FC99-A367-4546-8765-78891329246E} = {827E0CD3-B72D-47B6-A68D-7590B98EB39B}
		{A1893107-E0F8-48B9-B454-F52D9D2E3E90} = {827E0CD3-B72D-47B6-A68D-7590B98EB39B}
	EndGlobalSection
EndGlobal
